
Microsoft Visual Studio Solution File, Format Version 12.00
# Visual Studio Version 17
VisualStudioVersion = 17.6.33723.286
MinimumVisualStudioVersion = 10.0.40219.1
Project("{8BC9CEB8-8B4A-11D0-8D11-00A0C91BC942}") = "Arduino_Simulation", "Arduino_Simulation\Arduino_Simulation.vcxproj", "{EB42A9CB-CBFC-430F-93B1-A32BA0424B18}"
EndProject
Project("{8BC9CEB8-8B4A-11D0-8D11-00A0C91BC942}") = "UnitTest1", "UnitTest1\UnitTest1.vcxproj", "{5F7B2A6B-E3BB-41DB-B61B-2694AECB0E9B}"
EndProject
Global
	GlobalSection(SolutionConfigurationPlatforms) = preSolution
		Debug|x64 = Debug|x64
		Debug|x86 = Debug|x86
		Release|x64 = Release|x64
		Release|x86 = Release|x86
	EndGlobalSection
	GlobalSection(ProjectConfigurationPlatforms) = postSolution
		{EB42A9CB-CBFC-430F-93B1-A32BA0424B18}.Debug|x64.ActiveCfg = Debug|x64
		{EB42A9CB-CBFC-430F-93B1-A32BA0424B18}.Debug|x64.Build.0 = Debug|x64
		{EB42A9CB-CBFC-430F-93B1-A32BA0424B18}.Debug|x86.ActiveCfg = Debug|Win32
		{EB42A9CB-CBFC-430F-93B1-A32BA0424B18}.Debug|x86.Build.0 = Debug|Win32
		{EB42A9CB-CBFC-430F-93B1-A32BA0424B18}.Release|x64.ActiveCfg = Release|x64
		{EB42A9CB-CBFC-430F-93B1-A32BA0424B18}.Release|x64.Build.0 = Release|x64
		{EB42A9CB-CBFC-430F-93B1-A32BA0424B18}.Release|x86.ActiveCfg = Release|Win32
		{EB42A9CB-CBFC-430F-93B1-A32BA0424B18}.Release|x86.Build.0 = Release|Win32
		{5F7B2A6B-E3BB-41DB-B61B-2694AECB0E9B}.Debug|x64.ActiveCfg = Debug|x64
		{5F7B2A6B-E3BB-41DB-B61B-2694AECB0E9B}.Debug|x64.Build.0 = Debug|x64
		{5F7B2A6B-E3BB-41DB-B61B-2694AECB0E9B}.Debug|x86.ActiveCfg = Debug|Win32
		{5F7B2A6B-E3BB-41DB-B61B-2694AECB0E9B}.Debug|x86.Build.0 = Debug|Win32
		{5F7B2A6B-E3BB-41DB-B61B-2694AECB0E9B}.Release|x64.ActiveCfg = Release|x64
		{5F7B2A6B-E3BB-41DB-B61B-2694AECB0E9B}.Release|x64.Build.0 = Release|x64
		{5F7B2A6B-E3BB-41DB-B61B-2694AECB0E9B}.Release|x86.ActiveCfg = Release|Win32
		{5F7B2A6B-E3BB-41DB-B61B-2694AECB0E9B}.Release|x86.Build.0 = Release|Win32
	EndGlobalSection
	GlobalSection(SolutionProperties) = preSolution
		HideSolutionNode = FALSE
	EndGlobalSection
	GlobalSection(ExtensibilityGlobals) = postSolution
		SolutionGuid = {1BDDC401-7E54-4F80-B79F-D90CD5FC65D3}
	EndGlobalSection
EndGlobal
